PODS:
  - SwiftGifOrigin (1.6.1)

DEPENDENCIES:
  - SwiftGifOrigin (~> 1.6.1)

SPEC REPOS:
  https://github.com/cocoapods/specs.git:
    - SwiftGifOrigin

SPEC CHECKSUMS:
  SwiftGifOrigin: d6679d3ebe9df2e049a84bc52582635107b581f6

PODFILE CHECKSUM: 07b7013d45f1d6e04c435601b4dd124ea26b4058

COCOAPODS: 1.6.1
