// !$*UTF8*$!
{
	archiveVersion = 1;
	classes = {
	};
	objectVersion = 50;
	objects = {

/* Begin PBXBuildFile section */
		844B35CC227499E700898128 /* Shops.storyboard in Resources */ = {isa = PBXBuildFile; fileRef = 844B35CB227499E700898128 /* Shops.storyboard */; };
		844B35CE22749D0300898128 /* ShopsViewController.swift in Sources */ = {isa = PBXBuildFile; fileRef = 844B35CD22749D0300898128 /* ShopsViewController.swift */; };
		844B35D42274C9CA00898128 /* ListShopsCell.swift in Sources */ = {isa = PBXBuildFile; fileRef = 844B35D22274C9CA00898128 /* ListShopsCell.swift */; };
		844B35D52274C9CA00898128 /* ListShopsCell.xib in Resources */ = {isa = PBXBuildFile; fileRef = 844B35D32274C9CA00898128 /* ListShopsCell.xib */; };
		844B35D72274D67A00898128 /* ShopsType.swift in Sources */ = {isa = PBXBuildFile; fileRef = 844B35D62274D67A00898128 /* ShopsType.swift */; };
		8645A7ED226E497D00BCF038 /* AppDelegate.swift in Sources */ = {isa = PBXBuildFile; fileRef = 8645A7EC226E497D00BCF038 /* AppDelegate.swift */; };
		8645A7F4226E497F00BCF038 /* Assets.xcassets in Resources */ = {isa = PBXBuildFile; fileRef = 8645A7F3226E497F00BCF038 /* Assets.xcassets */; };
		8645A7F7226E497F00BCF038 /* LaunchScreen.storyboard in Resources */ = {isa = PBXBuildFile; fileRef = 8645A7F5226E497F00BCF038 /* LaunchScreen.storyboard */; };
/* End PBXBuildFile section */

/* Begin PBXFileReference section */
		844B35CB227499E700898128 /* Shops.storyboard */ = {isa = PBXFileReference; lastKnownFileType = file.storyboard; path = Shops.storyboard; sourceTree = "<group>"; };
		844B35CD22749D0300898128 /* ShopsViewController.swift */ = {isa = PBXFileReference; lastKnownFileType = sourcecode.swift; path = ShopsViewController.swift; sourceTree = "<group>"; };
		844B35D22274C9CA00898128 /* ListShopsCell.swift */ = {isa = PBXFileReference; lastKnownFileType = sourcecode.swift; path = ListShopsCell.swift; sourceTree = "<group>"; };
		844B35D32274C9CA00898128 /* ListShopsCell.xib */ = {isa = PBXFileReference; lastKnownFileType = file.xib; path = ListShopsCell.xib; sourceTree = "<group>"; };
		844B35D62274D67A00898128 /* ShopsType.swift */ = {isa = PBXFileReference; lastKnownFileType = sourcecode.swift; path = ShopsType.swift; sourceTree = "<group>"; };
		8645A7E9226E497D00BCF038 /* itea-ios-products-magazine.app */ = {isa = PBXFileReference; explicitFileType = wrapper.application; includeInIndex = 0; path = "itea-ios-products-magazine.app"; sourceTree = BUILT_PRODUCTS_DIR; };
		8645A7EC226E497D00BCF038 /* AppDelegate.swift */ = {isa = PBXFileReference; lastKnownFileType = sourcecode.swift; path = AppDelegate.swift; sourceTree = "<group>"; };
		8645A7F3226E497F00BCF038 /* Assets.xcassets */ = {isa = PBXFileReference; lastKnownFileType = folder.assetcatalog; path = Assets.xcassets; sourceTree = "<group>"; };
		8645A7F6226E497F00BCF038 /* Base */ = {isa = PBXFileReference; lastKnownFileType = file.storyboard; name = Base; path = Base.lproj/LaunchScreen.storyboard; sourceTree = "<group>"; };
		8645A7F8226E497F00BCF038 /* Info.plist */ = {isa = PBXFileReference; lastKnownFileType = text.plist.xml; path = Info.plist; sourceTree = "<group>"; };
/* End PBXFileReference section */

/* Begin PBXFrameworksBuildPhase section */
		8645A7E6226E497D00BCF038 /* Frameworks */ = {
			isa = PBXFrameworksBuildPhase;
			buildActionMask = 2147483647;
			files = (
			);
			runOnlyForDeploymentPostprocessing = 0;
		};
/* End PBXFrameworksBuildPhase section */

/* Begin PBXGroup section */
		844B35CF2274C41300898128 /* ShopsTypes */ = {
			isa = PBXGroup;
			children = (
				844B35D62274D67A00898128 /* ShopsType.swift */,
			);
			path = ShopsTypes;
			sourceTree = "<group>";
		};
		844B35D02274C4A100898128 /* ShopsControllers */ = {
			isa = PBXGroup;
			children = (
				844B35CD22749D0300898128 /* ShopsViewController.swift */,
				844B35CB227499E700898128 /* Shops.storyboard */,
			);
			path = ShopsControllers;
			sourceTree = "<group>";
		};
		844B35D12274C4C900898128 /* ShopsCell */ = {
			isa = PBXGroup;
			children = (
				844B35D22274C9CA00898128 /* ListShopsCell.swift */,
				844B35D32274C9CA00898128 /* ListShopsCell.xib */,
			);
			path = ShopsCell;
			sourceTree = "<group>";
		};
		8645A7E0226E497D00BCF038 = {
			isa = PBXGroup;
			children = (
				8645A7EB226E497D00BCF038 /* itea-ios-products-magazine */,
				8645A7EA226E497D00BCF038 /* Products */,
			);
			sourceTree = "<group>";
		};
		8645A7EA226E497D00BCF038 /* Products */ = {
			isa = PBXGroup;
			children = (
				8645A7E9226E497D00BCF038 /* itea-ios-products-magazine.app */,
			);
			name = Products;
			sourceTree = "<group>";
		};
		8645A7EB226E497D00BCF038 /* itea-ios-products-magazine */ = {
			isa = PBXGroup;
			children = (
				844B35D12274C4C900898128 /* ShopsCell */,
				844B35D02274C4A100898128 /* ShopsControllers */,
				844B35CF2274C41300898128 /* ShopsTypes */,
				8645A7EC226E497D00BCF038 /* AppDelegate.swift */,
				8645A7F3226E497F00BCF038 /* Assets.xcassets */,
				8645A7F5226E497F00BCF038 /* LaunchScreen.storyboard */,
				8645A7F8226E497F00BCF038 /* Info.plist */,
			);
			path = "itea-ios-products-magazine";
			sourceTree = "<group>";
		};
/* End PBXGroup section */

/* Begin PBXNativeTarget section */
		8645A7E8226E497D00BCF038 /* itea-ios-products-magazine */ = {
			isa = PBXNativeTarget;
			buildConfigurationList = 8645A7FB226E497F00BCF038 /* Build configuration list for PBXNativeTarget "itea-ios-products-magazine" */;
			buildPhases = (
				8645A7E5226E497D00BCF038 /* Sources */,
				8645A7E6226E497D00BCF038 /* Frameworks */,
				8645A7E7226E497D00BCF038 /* Resources */,
			);
			buildRules = (
			);
			dependencies = (
			);
			name = "itea-ios-products-magazine";
			productName = "itea-ios-products-magazine";
			productReference = 8645A7E9226E497D00BCF038 /* itea-ios-products-magazine.app */;
			productType = "com.apple.product-type.application";
		};
/* End PBXNativeTarget section */

/* Begin PBXProject section */
		8645A7E1226E497D00BCF038 /* Project object */ = {
			isa = PBXProject;
			attributes = {
				LastSwiftUpdateCheck = 1020;
				LastUpgradeCheck = 1020;
				ORGANIZATIONNAME = G9;
				TargetAttributes = {
					8645A7E8226E497D00BCF038 = {
						CreatedOnToolsVersion = 10.2.1;
					};
				};
			};
			buildConfigurationList = 8645A7E4226E497D00BCF038 /* Build configuration list for PBXProject "itea-ios-products-magazine" */;
			compatibilityVersion = "Xcode 9.3";
			developmentRegion = en;
			hasScannedForEncodings = 0;
			knownRegions = (
				en,
				Base,
			);
			mainGroup = 8645A7E0226E497D00BCF038;
			productRefGroup = 8645A7EA226E497D00BCF038 /* Products */;
			projectDirPath = "";
			projectRoot = "";
			targets = (
				8645A7E8226E497D00BCF038 /* itea-ios-products-magazine */,
			);
		};
/* End PBXProject section */

/* Begin PBXResourcesBuildPhase section */
		8645A7E7226E497D00BCF038 /* Resources */ = {
			isa = PBXResourcesBuildPhase;
			buildActionMask = 2147483647;
			files = (
				8645A7F7226E497F00BCF038 /* LaunchScreen.storyboard in Resources */,
				8645A7F4226E497F00BCF038 /* Assets.xcassets in Resources */,
				844B35CC227499E700898128 /* Shops.storyboard in Resources */,
				844B35D52274C9CA00898128 /* ListShopsCell.xib in Resources */,
			);
			runOnlyForDeploymentPostprocessing = 0;
		};
/* End PBXResourcesBuildPhase section */

/* Begin PBXSourcesBuildPhase section */
		8645A7E5226E497D00BCF038 /* Sources */ = {
			isa = PBXSourcesBuildPhase;
			buildActionMask = 2147483647;
			files = (
				844B35CE22749D0300898128 /* ShopsViewController.swift in Sources */,
				844B35D72274D67A00898128 /* ShopsType.swift in Sources */,
				8645A7ED226E497D00BCF038 /* AppDelegate.swift in Sources */,
				844B35D42274C9CA00898128 /* ListShopsCell.swift in Sources */,
			);
			runOnlyForDeploymentPostprocessing = 0;
		};
/* End PBXSourcesBuildPhase section */

/* Begin PBXVariantGroup section */
		8645A7F5226E497F00BCF038 /* LaunchScreen.storyboard */ = {
			isa = PBXVariantGroup;
			children = (
				8645A7F6226E497F00BCF038 /* Base */,
			);
			name = LaunchScreen.storyboard;
			sourceTree = "<group>";
		};
/* End PBXVariantGroup section */

/* Begin XCBuildConfiguration section */
		8645A7F9226E497F00BCF038 /* Debug */ = {
			isa = XCBuildConfiguration;
			buildSettings = {
				ALWAYS_SEARCH_USER_PATHS = NO;
				CLANG_ANALYZER_NONNULL = YES;
				CLANG_ANALYZER_NUMBER_OBJECT_CONVERSION = YES_AGGRESSIVE;
				CLANG_CXX_LANGUAGE_STANDARD = "gnu++14";
				CLANG_CXX_LIBRARY = "libc++";
				CLANG_ENABLE_MODULES = YES;
				CLANG_ENABLE_OBJC_ARC = YES;
				CLANG_ENABLE_OBJC_WEAK = YES;
				CLANG_WARN_BLOCK_CAPTURE_AUTORELEASING = YES;
				CLANG_WARN_BOOL_CONVERSION = YES;
				CLANG_WARN_COMMA = YES;
				CLANG_WARN_CONSTANT_CONVERSION = YES;
				CLANG_WARN_DEPRECATED_OBJC_IMPLEMENTATIONS = YES;
				CLANG_WARN_DIRECT_OBJC_ISA_USAGE = YES_ERROR;
				CLANG_WARN_DOCUMENTATION_COMMENTS = YES;
				CLANG_WARN_EMPTY_BODY = YES;
				CLANG_WARN_ENUM_CONVERSION = YES;
				CLANG_WARN_INFINITE_RECURSION = YES;
				CLANG_WARN_INT_CONVERSION = YES;
				CLANG_WARN_NON_LITERAL_NULL_CONVERSION = YES;
				CLANG_WARN_OBJC_IMPLICIT_RETAIN_SELF = YES;
				CLANG_WARN_OBJC_LITERAL_CONVERSION = YES;
				CLANG_WARN_OBJC_ROOT_CLASS = YES_ERROR;
				CLANG_WARN_RANGE_LOOP_ANALYSIS = YES;
				CLANG_WARN_STRICT_PROTOTYPES = YES;
				CLANG_WARN_SUSPICIOUS_MOVE = YES;
				CLANG_WARN_UNGUARDED_AVAILABILITY = YES_AGGRESSIVE;
				CLANG_WARN_UNREACHABLE_CODE = YES;
				CLANG_WARN__DUPLICATE_METHOD_MATCH = YES;
				CODE_SIGN_IDENTITY = "iPhone Developer";
				COPY_PHASE_STRIP = NO;
				DEBUG_INFORMATION_FORMAT = dwarf;
				ENABLE_STRICT_OBJC_MSGSEND = YES;
				ENABLE_TESTABILITY = YES;
				GCC_C_LANGUAGE_STANDARD = gnu11;
				GCC_DYNAMIC_NO_PIC = NO;
				GCC_NO_COMMON_BLOCKS = YES;
				GCC_OPTIMIZATION_LEVEL = 0;
				GCC_PREPROCESSOR_DEFINITIONS = (
					"DEBUG=1",
					"$(inherited)",
				);
				GCC_WARN_64_TO_32_BIT_CONVERSION = YES;
				GCC_WARN_ABOUT_RETURN_TYPE = YES_ERROR;
				GCC_WARN_UNDECLARED_SELECTOR = YES;
				GCC_WARN_UNINITIALIZED_AUTOS = YES_AGGRESSIVE;
				GCC_WARN_UNUSED_FUNCTION = YES;
				GCC_WARN_UNUSED_VARIABLE = YES;
				IPHONEOS_DEPLOYMENT_TARGET = 12.2;
				MTL_ENABLE_DEBUG_INFO = INCLUDE_SOURCE;
				MTL_FAST_MATH = YES;
				ONLY_ACTIVE_ARCH = YES;
				SDKROOT = iphoneos;
				SWIFT_ACTIVE_COMPILATION_CONDITIONS = DEBUG;
				SWIFT_OPTIMIZATION_LEVEL = "-Onone";
			};
			name = Debug;
		};
		8645A7FA226E497F00BCF038 /* Release */ = {
			isa = XCBuildConfiguration;
			buildSettings = {
				ALWAYS_SEARCH_USER_PATHS = NO;
				CLANG_ANALYZER_NONNULL = YES;
				CLANG_ANALYZER_NUMBER_OBJECT_CONVERSION = YES_AGGRESSIVE;
				CLANG_CXX_LANGUAGE_STANDARD = "gnu++14";
				CLANG_CXX_LIBRARY = "libc++";
				CLANG_ENABLE_MODULES = YES;
				CLANG_ENABLE_OBJC_ARC = YES;
				CLANG_ENABLE_OBJC_WEAK = YES;
				CLANG_WARN_BLOCK_CAPTURE_AUTORELEASING = YES;
				CLANG_WARN_BOOL_CONVERSION = YES;
				CLANG_WARN_COMMA = YES;
				CLANG_WARN_CONSTANT_CONVERSION = YES;
				CLANG_WARN_DEPRECATED_OBJC_IMPLEMENTATIONS = YES;
				CLANG_WARN_DIRECT_OBJC_ISA_USAGE = YES_ERROR;
				CLANG_WARN_DOCUMENTATION_COMMENTS = YES;
				CLANG_WARN_EMPTY_BODY = YES;
				CLANG_WARN_ENUM_CONVERSION = YES;
				CLANG_WARN_INFINITE_RECURSION = YES;
				CLANG_WARN_INT_CONVERSION = YES;
				CLANG_WARN_NON_LITERAL_NULL_CONVERSION = YES;
				CLANG_WARN_OBJC_IMPLICIT_RETAIN_SELF = YES;
				CLANG_WARN_OBJC_LITERAL_CONVERSION = YES;
				CLANG_WARN_OBJC_ROOT_CLASS = YES_ERROR;
				CLANG_WARN_RANGE_LOOP_ANALYSIS = YES;
				CLANG_WARN_STRICT_PROTOTYPES = YES;
				CLANG_WARN_SUSPICIOUS_MOVE = YES;
				CLANG_WARN_UNGUARDED_AVAILABILITY = YES_AGGRESSIVE;
				CLANG_WARN_UNREACHABLE_CODE = YES;
				CLANG_WARN__DUPLICATE_METHOD_MATCH = YES;
				CODE_SIGN_IDENTITY = "iPhone Developer";
				COPY_PHASE_STRIP = NO;
				DEBUG_INFORMATION_FORMAT = "dwarf-with-dsym";
				ENABLE_NS_ASSERTIONS = NO;
				ENABLE_STRICT_OBJC_MSGSEND = YES;
				GCC_C_LANGUAGE_STANDARD = gnu11;
				GCC_NO_COMMON_BLOCKS = YES;
				GCC_WARN_64_TO_32_BIT_CONVERSION = YES;
				GCC_WARN_ABOUT_RETURN_TYPE = YES_ERROR;
				GCC_WARN_UNDECLARED_SELECTOR = YES;
				GCC_WARN_UNINITIALIZED_AUTOS = YES_AGGRESSIVE;
				GCC_WARN_UNUSED_FUNCTION = YES;
				GCC_WARN_UNUSED_VARIABLE = YES;
				IPHONEOS_DEPLOYMENT_TARGET = 12.2;
				MTL_ENABLE_DEBUG_INFO = NO;
				MTL_FAST_MATH = YES;
				SDKROOT = iphoneos;
				SWIFT_COMPILATION_MODE = wholemodule;
				SWIFT_OPTIMIZATION_LEVEL = "-O";
				VALIDATE_PRODUCT = YES;
			};
			name = Release;
		};
		8645A7FC226E497F00BCF038 /* Debug */ = {
			isa = XCBuildConfiguration;
			buildSettings = {
				ASSETCATALOG_COMPILER_APPICON_NAME = AppIcon;
				CODE_SIGN_STYLE = Automatic;
				DEVELOPMENT_TEAM = "";
				INFOPLIST_FILE = "itea-ios-products-magazine/Info.plist";
				LD_RUNPATH_SEARCH_PATHS = (
					"$(inherited)",
					"@executable_path/Frameworks",
				);
				PRODUCT_BUNDLE_IDENTIFIER = "Foton.G9.itea-ios-products-magazine";
				PRODUCT_NAME = "$(TARGET_NAME)";
				SWIFT_VERSION = 5.0;
				TARGETED_DEVICE_FAMILY = "1,2";
			};
			name = Debug;
		};
		8645A7FD226E497F00BCF038 /* Release */ = {
			isa = XCBuildConfiguration;
			buildSettings = {
				ASSETCATALOG_COMPILER_APPICON_NAME = AppIcon;
				CODE_SIGN_STYLE = Automatic;
				DEVELOPMENT_TEAM = "";
				INFOPLIST_FILE = "itea-ios-products-magazine/Info.plist";
				LD_RUNPATH_SEARCH_PATHS = (
					"$(inherited)",
					"@executable_path/Frameworks",
				);
				PRODUCT_BUNDLE_IDENTIFIER = "Foton.G9.itea-ios-products-magazine";
				PRODUCT_NAME = "$(TARGET_NAME)";
				SWIFT_VERSION = 5.0;
				TARGETED_DEVICE_FAMILY = "1,2";
			};
			name = Release;
		};
/* End XCBuildConfiguration section */

/* Begin XCConfigurationList section */
		8645A7E4226E497D00BCF038 /* Build configuration list for PBXProject "itea-ios-products-magazine" */ = {
			isa = XCConfigurationList;
			buildConfigurations = (
				8645A7F9226E497F00BCF038 /* Debug */,
				8645A7FA226E497F00BCF038 /* Release */,
			);
			defaultConfigurationIsVisible = 0;
			defaultConfigurationName = Release;
		};
		8645A7FB226E497F00BCF038 /* Build configuration list for PBXNativeTarget "itea-ios-products-magazine" */ = {
			isa = XCConfigurationList;
			buildConfigurations = (
				8645A7FC226E497F00BCF038 /* Debug */,
				8645A7FD226E497F00BCF038 /* Release */,
			);
			defaultConfigurationIsVisible = 0;
			defaultConfigurationName = Release;
		};
/* End XCConfigurationList section */
	};
	rootObject = 8645A7E1226E497D00BCF038 /* Project object */;
}
